# THIS IS AN AUTOGENERATED FILE. DO NOT EDIT THIS FILE DIRECTLY.
# yarn lockfile v1


"@lumino/algorithm@^1.2.3":
  version "1.2.3"
  resolved "https://registry.yarnpkg.com/@lumino/algorithm/-/algorithm-1.2.3.tgz#4ab9883d7e9a5b1845372a752dcaee2a35a770c6"
  integrity sha512-XBJ/homcm7o8Y9G6MzYvf0FF7SVqUCzvkIO01G2mZhCOnkZZhZ9c4uNOcE2VjSHNxHv2WU0l7d8rdhyKhmet+A==

"@lumino/collections@^1.2.3":
  version "1.2.3"
  resolved "https://registry.yarnpkg.com/@lumino/collections/-/collections-1.2.3.tgz#8cd9578dac3a5ecba68972991fdfd2b94d3339bc"
  integrity sha512-lrSTb7kru/w8xww8qWqHHhHO3GkoQeXST2oNkOEbWNEO4wuBIHoKPSOmXpUwu58UykBUfd5hL5wbkeTzyNMONg==
  dependencies:
    "@lumino/algorithm" "^1.2.3"

"@lumino/commands@^1.10.1":
  version "1.10.1"
  resolved "https://registry.yarnpkg.com/@lumino/commands/-/commands-1.10.1.tgz#149186d23cc48215f9f7f6515321f8871797a444"
  integrity sha512-HGtXtqKD1WZJszJ42u2DyM3sgxrLal66IoHSJjbn2ygcEVCKDK73NSzoaQtXFtiissMedzKl8aIRXB3uyeEOlw==
  dependencies:
    "@lumino/algorithm" "^1.2.3"
    "@lumino/coreutils" "^1.4.2"
    "@lumino/disposable" "^1.3.5"
    "@lumino/domutils" "^1.1.7"
    "@lumino/keyboard" "^1.1.6"
    "@lumino/signaling" "^1.3.5"
    "@lumino/virtualdom" "^1.6.1"

"@lumino/coreutils@^1.4.2":
  version "1.4.2"
  resolved "https://registry.yarnpkg.com/@lumino/coreutils/-/coreutils-1.4.2.tgz#44cd3d55bb692e876c792f1ecc0df3daa1de63e9"
  integrity sha512-SmQ4YDANe25rZd0bLoW7LVAHmgySjkrJmyNPnPW0GrpBt2u4/6D+EQJ8PCCMNWuJvrljBCdlmgOFsT38qYhfcw==

"@lumino/datagrid@^0.6.0":
  version "0.6.0"
  resolved "https://registry.yarnpkg.com/@lumino/datagrid/-/datagrid-0.6.0.tgz#8272fe4cf8bb27f3ec9cc8fee279329c35695d19"
  integrity sha512-TkpCm4AbCAVwGg3pC5618YnjfHSyzhWxRaM1FQ7RKWS+mZoKhMWVbN0I2o2OLpdaBjvf7sV9JUp08rsouHRqOQ==
  dependencies:
    "@lumino/algorithm" "^1.2.3"
    "@lumino/coreutils" "^1.4.2"
    "@lumino/disposable" "^1.3.5"
    "@lumino/domutils" "^1.1.7"
    "@lumino/dragdrop" "^1.5.1"
    "@lumino/keyboard" "^1.1.6"
    "@lumino/messaging" "^1.3.3"
    "@lumino/signaling" "^1.3.5"
    "@lumino/widgets" "^1.11.1"

"@lumino/disposable@^1.3.5":
  version "1.3.5"
  resolved "https://registry.yarnpkg.com/@lumino/disposable/-/disposable-1.3.5.tgz#3562ca063117fd2a0735df170f51e41620fa21d0"
  integrity sha512-IWDAd+nysBnwLhEtW7M62PVk84OEex9OEktZsS6V+19n/o8/Rw4ccL0pt0GFby01CsVK0YcELDoDaMUZsMiAmA==
  dependencies:
    "@lumino/algorithm" "^1.2.3"
    "@lumino/signaling" "^1.3.5"

"@lumino/domutils@^1.1.7":
  version "1.1.7"
  resolved "https://registry.yarnpkg.com/@lumino/domutils/-/domutils-1.1.7.tgz#9cc16cba0c1e8f31fcb734879dec050505925b16"
  integrity sha512-NPysY8XfpCvLNvDe+z1caIUPxOLXWRPQMUAjOj/EhggRyXadan6Lm/5uO6M9S5gW/v9QUXT4+1Sxe3WXz0nRCA==

"@lumino/dragdrop@^1.5.1":
  version "1.5.1"
  resolved "https://registry.yarnpkg.com/@lumino/dragdrop/-/dragdrop-1.5.1.tgz#502305183d430693edc112f7c234a3d9f2d89f02"
  integrity sha512-MFg/hy6hHdPwBZypBue5mlrBzjoNrtBQzzJW+kbM5ftAOvS99ZRgyMMlMQcbsHd+6yib9NOQ64Hd8P8uZEWTdw==
  dependencies:
    "@lumino/coreutils" "^1.4.2"
    "@lumino/disposable" "^1.3.5"

"@lumino/keyboard@^1.1.6":
  version "1.1.6"
  resolved "https://registry.yarnpkg.com/@lumino/keyboard/-/keyboard-1.1.6.tgz#bf222369bbeacf2c7d2dfe5003d52736c5a2fc3d"
  integrity sha512-W6pqe0TXRfGOoz1ZK1PRmuGZUWpmdoJArrzwmduUf0t2r06yl56S7w76gxrB7ExTidNPPaOWydGIosPgdgZf5A==

"@lumino/messaging@^1.3.3":
  version "1.3.3"
  resolved "https://registry.yarnpkg.com/@lumino/messaging/-/messaging-1.3.3.tgz#75d3c880b11087da130554eeefa9a19572b24d22"
  integrity sha512-J+0m1aywl64I9/dr9fzE9IwC+eq90T5gUi1hCXP1MFnZh4aLUymmRV5zFw1CNh/vYlNnEu72xxEuhfCfuhiy8g==
  dependencies:
    "@lumino/algorithm" "^1.2.3"
    "@lumino/collections" "^1.2.3"

"@lumino/properties@^1.1.6":
  version "1.1.6"
  resolved "https://registry.yarnpkg.com/@lumino/properties/-/properties-1.1.6.tgz#367538d63453e99e8c94e5559748a0713d9874ac"
  integrity sha512-QnZa1IB7sr4Tawf0OKvwgZAptxDRK7DUAMJ71zijXNXH4FlxyThzOWXef51HHFsISKYa8Rn3rysOwtc62XkmXw==

"@lumino/signaling@^1.3.5":
  version "1.3.5"
  resolved "https://registry.yarnpkg.com/@lumino/signaling/-/signaling-1.3.5.tgz#21d77cf201c429f9824e04c19f0cc04027f963c8"
  integrity sha512-6jniKrLrJOXKJmaJyU7hr6PBzE4GJ5Wms5hc/yzNKKDBxGSEPdtNJlW3wTNUuSTTtF/9ItN8A8ZC/G0yIu53Tw==
  dependencies:
    "@lumino/algorithm" "^1.2.3"

"@lumino/virtualdom@^1.6.1":
  version "1.6.1"
  resolved "https://registry.yarnpkg.com/@lumino/virtualdom/-/virtualdom-1.6.1.tgz#7f190091e065e7e4e4814836ed5b293aa8359b2d"
  integrity sha512-+KdzSw8TCPwvK6qhZr4xTyp6HymvEb2Da0xPdi4RsVUNhYf2gBI03uidXHx76Vx5OIbEgCn1B+0srxvm2ZbWsQ==
  dependencies:
    "@lumino/algorithm" "^1.2.3"

"@lumino/widgets@^1.11.1":
  version "1.11.1"
  resolved "https://registry.yarnpkg.com/@lumino/widgets/-/widgets-1.11.1.tgz#2aba526f1dba7cb004786f25b3bc4a58bd8fe14d"
  integrity sha512-f4QDe6lVNPcjL8Vb20BiP0gzbT1rx0/1Hc719u5oW9c0Z/xrXMWwNhnb/zYM/kBBVBe3omLmCfJOiNuE0oZl0A==
  dependencies:
    "@lumino/algorithm" "^1.2.3"
    "@lumino/commands" "^1.10.1"
    "@lumino/coreutils" "^1.4.2"
    "@lumino/disposable" "^1.3.5"
    "@lumino/domutils" "^1.1.7"
    "@lumino/dragdrop" "^1.5.1"
    "@lumino/keyboard" "^1.1.6"
    "@lumino/messaging" "^1.3.3"
    "@lumino/properties" "^1.1.6"
    "@lumino/signaling" "^1.3.5"
    "@lumino/virtualdom" "^1.6.1"

"@types/big.js@^4.0.5":
  version "4.0.5"
  resolved "https://registry.yarnpkg.com/@types/big.js/-/big.js-4.0.5.tgz#62c61697646269e39191f24e55e8272f05f21fc0"
  integrity sha512-D9KFrAt05FDSqLo7PU9TDHfDgkarlwdkuwFsg7Zm4xl62tTNaz+zN+Tkcdx2wGLBbSMf8BnoMhOVeUGUaJfLKg==

"@types/jquery@^3.3.29":
  version "3.3.29"
  resolved "https://registry.yarnpkg.com/@types/jquery/-/jquery-3.3.29.tgz#680a2219ce3c9250483722fccf5570d1e2d08abd"
  integrity sha512-FhJvBninYD36v3k6c+bVk1DSZwh7B5Dpb/Pyk3HKVsiohn0nhbefZZ+3JXbWQhFyt0MxSl2jRDdGQPHeOHFXrQ==
  dependencies:
    "@types/sizzle" "*"

"@types/moment-timezone@^0.5.12":
  version "0.5.12"
  resolved "https://registry.yarnpkg.com/@types/moment-timezone/-/moment-timezone-0.5.12.tgz#0fb680c03db194fe8ff4551eaeb1eec8d3d80e9f"
  integrity sha512-hnHH2+Efg2vExr/dSz+IX860nSiyk9Sk4pJF2EmS11lRpMcNXeB4KBW5xcgw2QPsb9amTXdsVNEe5IoJXiT0uw==
  dependencies:
    moment ">=2.14.0"

"@types/sizzle@*":
  version "2.3.2"
  resolved "https://registry.yarnpkg.com/@types/sizzle/-/sizzle-2.3.2.tgz#a811b8c18e2babab7d542b3365887ae2e4d9de47"
  integrity sha512-7EJYyKTL7tFR8+gDbB6Wwz/arpGa0Mywk1TJbNzKzHtzbwVmY4HR9WqS5VV7dsBUKQmPNr192jHr/VpBluj/hg==

balanced-match@^1.0.0:
  version "1.0.0"
  resolved "https://registry.yarnpkg.com/balanced-match/-/balanced-match-1.0.0.tgz#89b4d199ab2bee49de164ea02b89ce462d71b767"
  integrity sha1-ibTRmasr7kneFk6gK4nORi1xt2c=

big.js@^5.2.2:
  version "5.2.2"
  resolved "https://registry.yarnpkg.com/big.js/-/big.js-5.2.2.tgz#65f0af382f578bcdc742bd9c281e9cb2d7768328"
  integrity sha512-vyL2OymJxmarO8gxMr0mhChsO9QGwhynfuu4+MHTAW6czfq9humCB7rKpUjDd9YUiDPU4mzpyupFSvOClAwbmQ==

brace-expansion@^1.1.7:
  version "1.1.11"
  resolved "https://registry.yarnpkg.com/brace-expansion/-/brace-expansion-1.1.11.tgz#3c7fcbf529d87226f3d2f52b966ff5271eb441dd"
  integrity sha512-iCuPHDFgrHX7H2vEI/5xpz07zSHB00TpugqhmYtVmMO6518mCuRMoOYFldEBl0g187ufozdaHgWKcYFb61qGiA==
  dependencies:
    balanced-match "^1.0.0"
    concat-map "0.0.1"

concat-map@0.0.1:
  version "0.0.1"
  resolved "https://registry.yarnpkg.com/concat-map/-/concat-map-0.0.1.tgz#d8a96bd77fd68df7793a73036a3ba0d5405d477b"
  integrity sha1-2Klr13/Wjfd5OnMDajug1UBdR3s=

fs.realpath@^1.0.0:
  version "1.0.0"
  resolved "https://registry.yarnpkg.com/fs.realpath/-/fs.realpath-1.0.0.tgz#1504ad2523158caa40db4a2787cb01411994ea4f"
  integrity sha1-FQStJSMVjKpA20onh8sBQRmU6k8=

glob@^7.1.3:
  version "7.1.4"
  resolved "https://registry.yarnpkg.com/glob/-/glob-7.1.4.tgz#aa608a2f6c577ad357e1ae5a5c26d9a8d1969255"
  integrity sha512-hkLPepehmnKk41pUGm3sYxoFs/umurYfYJCerbXEyFIWcAzvpipAgVkBqqT9RBKMGjnq6kMuyYwha6csxbiM1A==
  dependencies:
    fs.realpath "^1.0.0"
    inflight "^1.0.4"
    inherits "2"
    minimatch "^3.0.4"
    once "^1.3.0"
    path-is-absolute "^1.0.0"

inflight@^1.0.4:
  version "1.0.6"
  resolved "https://registry.yarnpkg.com/inflight/-/inflight-1.0.6.tgz#49bd6331d7d02d0c09bc910a1075ba8165b56df9"
  integrity sha1-Sb1jMdfQLQwJvJEKEHW6gWW1bfk=
  dependencies:
    once "^1.3.0"
    wrappy "1"

inherits@2:
  version "2.0.3"
  resolved "https://registry.yarnpkg.com/inherits/-/inherits-2.0.3.tgz#633c2c83e3da42a502f52466022480f4208261de"
  integrity sha1-Yzwsg+PaQqUC9SRmAiSA9CCCYd4=

jquery@^3.3.1:
  version "3.4.1"
  resolved "https://registry.yarnpkg.com/jquery/-/jquery-3.4.1.tgz#714f1f8d9dde4bdfa55764ba37ef214630d80ef2"
  integrity sha512-36+AdBzCL+y6qjw5Tx7HgzeGCzC81MDDgaUP8ld2zhx58HdqXGoBd+tHdrBMiyjGQs0Hxs/MLZTu/eHNJJuWPw==

minimatch@^3.0.4:
  version "3.0.4"
  resolved "https://registry.yarnpkg.com/minimatch/-/minimatch-3.0.4.tgz#5166e286457f03306064be5497e8dbb0c3d32083"
  integrity sha512-yJHVQEhyqPLUTgt9B83PXu6W3rx4MvvHvSUvToogpwoGDOUQ+yDrR0HRot+yOCdCO7u4hX3pWft6kWBBcqh0UA==
  dependencies:
    brace-expansion "^1.1.7"

moment-timezone@^0.5.13:
  version "0.5.25"
  resolved "https://registry.yarnpkg.com/moment-timezone/-/moment-timezone-0.5.25.tgz#a11bfa2f74e088327f2cd4c08b3e7bdf55957810"
  integrity sha512-DgEaTyN/z0HFaVcVbSyVCUU6HeFdnNC3vE4c9cgu2dgMTvjBUBdBzWfasTBmAW45u5OIMeCJtU8yNjM22DHucw==
  dependencies:
    moment ">= 2.9.0"

"moment@>= 2.9.0", moment@>=2.14.0:
  version "2.24.0"
  resolved "https://registry.yarnpkg.com/moment/-/moment-2.24.0.tgz#0d055d53f5052aa653c9f6eb68bb5d12bf5c2b5b"
  integrity sha512-bV7f+6l2QigeBBZSM/6yTNq4P2fNpSWj/0e7jQcy87A8e7o2nAfP/34/2ky5Vw4B9S446EtIhodAzkFCcR4dQg==

once@^1.3.0:
  version "1.4.0"
  resolved "https://registry.yarnpkg.com/once/-/once-1.4.0.tgz#583b1aa775961d4b113ac17d9c50baef9dd76bd1"
  integrity sha1-WDsap3WWHUsROsF9nFC6753Xa9E=
  dependencies:
    wrappy "1"

path-is-absolute@^1.0.0:
  version "1.0.1"
  resolved "https://registry.yarnpkg.com/path-is-absolute/-/path-is-absolute-1.0.1.tgz#174b9268735534ffbc7ace6bf53a5a9e1b5c5f5f"
  integrity sha1-F0uSaHNVNP+8es5r9TpanhtcX18=

rimraf@^2.6.3:
  version "2.6.3"
  resolved "https://registry.yarnpkg.com/rimraf/-/rimraf-2.6.3.tgz#b2d104fe0d8fb27cf9e0a1cda8262dd3833c6cab"
  integrity sha512-mwqeW5XsA2qAejG46gYdENaxXjx9onRNCfn7L0duuP4hCuTIi/QO7PDK07KJfp1d+izWPrzEJDcSqBa0OZQriA==
  dependencies:
    glob "^7.1.3"

typescript@^3.8.3:
  version "3.8.3"
  resolved "https://registry.yarnpkg.com/typescript/-/typescript-3.8.3.tgz#409eb8544ea0335711205869ec458ab109ee1061"
  integrity sha512-MYlEfn5VrLNsgudQTVJeNaQFUAI7DkhnOjdpAp4T+ku1TfQClewlbSuTVHiA+8skNBgaf02TL/kLOvig4y3G8w==

wrappy@1:
  version "1.0.2"
  resolved "https://registry.yarnpkg.com/wrappy/-/wrappy-1.0.2.tgz#b5243d8f3ec1aa35f1364605bc0d1036e30ab69f"
  integrity sha1-tSQ9jz7BqjXxNkYFvA0QNuMKtp8=
