# THIS IS AN AUTOGENERATED FILE. DO NOT EDIT THIS FILE DIRECTLY.
# yarn lockfile v1


"@phosphor/algorithm@^1.2.0":
  version "1.2.0"
  resolved "https://registry.yarnpkg.com/@phosphor/algorithm/-/algorithm-1.2.0.tgz#4a19aa59261b7270be696672dc3f0663f7bef152"
  integrity sha512-C9+dnjXyU2QAkWCW6QVDGExk4hhwxzAKf5/FIuYlHAI9X5vFv99PYm0EREDxX1PbMuvfFBZhPNu0PvuSDQ7sFA==

"@phosphor/collections@^1.2.0":
  version "1.2.0"
  resolved "https://registry.yarnpkg.com/@phosphor/collections/-/collections-1.2.0.tgz#a8cdd0edc0257de7c33306a91caf47910036307f"
  integrity sha512-T9/0EjSuY6+ga2LIFRZ0xupciOR3Qnyy8Q95lhGTC0FXZUFwC8fl9e8On6IcwasCszS+1n8dtZUWSIynfgdpzw==
  dependencies:
    "@phosphor/algorithm" "^1.2.0"

"@phosphor/commands@^1.7.2":
  version "1.7.2"
  resolved "https://registry.yarnpkg.com/@phosphor/commands/-/commands-1.7.2.tgz#df724f2896ae43c4a3a9e2b5a6445a15e0d60487"
  integrity sha512-iSyBIWMHsus323BVEARBhuVZNnVel8USo+FIPaAxGcq+icTSSe6+NtSxVQSmZblGN6Qm4iw6I6VtiSx0e6YDgQ==
  dependencies:
    "@phosphor/algorithm" "^1.2.0"
    "@phosphor/coreutils" "^1.3.1"
    "@phosphor/disposable" "^1.3.1"
    "@phosphor/domutils" "^1.1.4"
    "@phosphor/keyboard" "^1.1.3"
    "@phosphor/signaling" "^1.3.1"

"@phosphor/coreutils@^1.3.1":
  version "1.3.1"
  resolved "https://registry.yarnpkg.com/@phosphor/coreutils/-/coreutils-1.3.1.tgz#441e34f42340f7faa742a88b2a181947a88d7226"
  integrity sha512-9OHCn8LYRcPU/sbHm5v7viCA16Uev3gbdkwqoQqlV+EiauDHl70jmeL7XVDXdigl66Dz0LI11C99XOxp+s3zOA==

"@phosphor/datagrid@^0.1.11":
  version "0.1.11"
  resolved "https://registry.yarnpkg.com/@phosphor/datagrid/-/datagrid-0.1.11.tgz#ebf884ec506f7a875df94abc57aa5a5bdae369fa"
  integrity sha512-mGJDbkYx5Wd4X4SO8FO+IHY3bq2ukx63/Fk98AZbunzLO2BgM22c60j/h8KS/nFAThJC0pDB4isG6w3Z62f/Zw==
  dependencies:
    "@phosphor/algorithm" "^1.2.0"
    "@phosphor/coreutils" "^1.3.1"
    "@phosphor/disposable" "^1.3.0"
    "@phosphor/domutils" "^1.1.3"
    "@phosphor/dragdrop" "^1.4.0"
    "@phosphor/messaging" "^1.3.0"
    "@phosphor/signaling" "^1.3.0"
    "@phosphor/widgets" "^1.9.0"

"@phosphor/disposable@^1.3.0", "@phosphor/disposable@^1.3.1":
  version "1.3.1"
  resolved "https://registry.yarnpkg.com/@phosphor/disposable/-/disposable-1.3.1.tgz#be98fe12bd8c9a4600741cb83b0a305df28628f3"
  integrity sha512-0NGzoTXTOizWizK/brKKd5EjJhuuEH4903tLika7q6wl/u0tgneJlTh7R+MBVeih0iNxtuJAfBa3IEY6Qmj+Sw==
  dependencies:
    "@phosphor/algorithm" "^1.2.0"
    "@phosphor/signaling" "^1.3.1"

"@phosphor/domutils@^1.1.3", "@phosphor/domutils@^1.1.4":
  version "1.1.4"
  resolved "https://registry.yarnpkg.com/@phosphor/domutils/-/domutils-1.1.4.tgz#4c6aecf7902d3793b45db325319340e0a0b5543b"
  integrity sha512-ivwq5TWjQpKcHKXO8PrMl+/cKqbgxPClPiCKc1gwbMd+6hnW5VLwNG0WBzJTxCzXK43HxX18oH+tOZ3E04wc3w==

"@phosphor/dragdrop@^1.4.0", "@phosphor/dragdrop@^1.4.1":
  version "1.4.1"
  resolved "https://registry.yarnpkg.com/@phosphor/dragdrop/-/dragdrop-1.4.1.tgz#45887dfe8f5849db2b4d1c0329a377f0f0854464"
  integrity sha512-77paMoubIWk7pdwA2GVFkqba1WP48hTZZvS17N30+KVOeWfSqBL3flPSnW2yC4y6FnOP2PFOCtuPIbQv+pYhCA==
  dependencies:
    "@phosphor/coreutils" "^1.3.1"
    "@phosphor/disposable" "^1.3.1"

"@phosphor/keyboard@^1.1.3":
  version "1.1.3"
  resolved "https://registry.yarnpkg.com/@phosphor/keyboard/-/keyboard-1.1.3.tgz#e5fd13af0479034ef0b5fffcf43ef2d4a266b5b6"
  integrity sha512-dzxC/PyHiD6mXaESRy6PZTd9JeK+diwG1pyngkyUf127IXOEzubTIbu52VSdpGBklszu33ws05BAGDa4oBE4mQ==

"@phosphor/messaging@^1.3.0":
  version "1.3.0"
  resolved "https://registry.yarnpkg.com/@phosphor/messaging/-/messaging-1.3.0.tgz#a140e6dd28a496260779acf74860f738c654c65e"
  integrity sha512-k0JE+BTMKlkM335S2AmmJxoYYNRwOdW5jKBqLgjJdGRvUQkM0+2i60ahM45+J23atGJDv9esKUUBINiKHFhLew==
  dependencies:
    "@phosphor/algorithm" "^1.2.0"
    "@phosphor/collections" "^1.2.0"

"@phosphor/properties@^1.1.3":
  version "1.1.3"
  resolved "https://registry.yarnpkg.com/@phosphor/properties/-/properties-1.1.3.tgz#63e4355be5e22a411c566fd1860207038f171598"
  integrity sha512-GiglqzU77s6+tFVt6zPq9uuyu/PLQPFcqZt914ZhJ4cN/7yNI/SLyMzpYZ56IRMXvzK9TUgbRna6URE3XAwFUg==

"@phosphor/signaling@^1.3.0", "@phosphor/signaling@^1.3.1":
  version "1.3.1"
  resolved "https://registry.yarnpkg.com/@phosphor/signaling/-/signaling-1.3.1.tgz#1cd10b069bdb2c9adb3ba74245b30141e5afc2d7"
  integrity sha512-Eq3wVCPQAhUd9+gUGaYygMr+ov7dhSGblSBXiDzpZlSIfa8OVD4P3cCvYXr/acDTNmZ/gHTcSFO8/n3rDkeXzg==
  dependencies:
    "@phosphor/algorithm" "^1.2.0"

"@phosphor/virtualdom@^1.2.0":
  version "1.2.0"
  resolved "https://registry.yarnpkg.com/@phosphor/virtualdom/-/virtualdom-1.2.0.tgz#6a233312f817eb02555a0359c4ae3e501fa62bca"
  integrity sha512-L9mKNhK2XtVjzjuHLG2uYuepSz8uPyu6vhF4EgCP0rt0TiLYaZeHwuNu3XeFbul9DMOn49eBpye/tfQVd4Ks+w==
  dependencies:
    "@phosphor/algorithm" "^1.2.0"

"@phosphor/widgets@^1.9.0", "@phosphor/widgets@^1.9.3":
  version "1.9.3"
  resolved "https://registry.yarnpkg.com/@phosphor/widgets/-/widgets-1.9.3.tgz#b8b7ad69fd7cc7af8e8c312ebead0e0965a4cefd"
  integrity sha512-61jsxloDrW/+WWQs8wOgsS5waQ/MSsXBuhONt0o6mtdeL93HVz7CYO5krOoot5owammfF6oX1z0sDaUYIYgcPA==
  dependencies:
    "@phosphor/algorithm" "^1.2.0"
    "@phosphor/commands" "^1.7.2"
    "@phosphor/coreutils" "^1.3.1"
    "@phosphor/disposable" "^1.3.1"
    "@phosphor/domutils" "^1.1.4"
    "@phosphor/dragdrop" "^1.4.1"
    "@phosphor/keyboard" "^1.1.3"
    "@phosphor/messaging" "^1.3.0"
    "@phosphor/properties" "^1.1.3"
    "@phosphor/signaling" "^1.3.1"
    "@phosphor/virtualdom" "^1.2.0"

"@types/big.js@^4.0.5":
  version "4.0.5"
  resolved "https://registry.yarnpkg.com/@types/big.js/-/big.js-4.0.5.tgz#62c61697646269e39191f24e55e8272f05f21fc0"
  integrity sha512-D9KFrAt05FDSqLo7PU9TDHfDgkarlwdkuwFsg7Zm4xl62tTNaz+zN+Tkcdx2wGLBbSMf8BnoMhOVeUGUaJfLKg==

"@types/jquery@^3.3.38":
  version "3.3.38"
  resolved "https://registry.yarnpkg.com/@types/jquery/-/jquery-3.3.38.tgz#6385f1e1b30bd2bff55ae8ee75ea42a999cc3608"
  integrity sha512-nkDvmx7x/6kDM5guu/YpXkGZ/Xj/IwGiLDdKM99YA5Vag7pjGyTJ8BNUh/6hxEn/sEu5DKtyRgnONJ7EmOoKrA==
  dependencies:
    "@types/sizzle" "*"

"@types/moment-timezone@^0.5.13":
  version "0.5.13"
  resolved "https://registry.yarnpkg.com/@types/moment-timezone/-/moment-timezone-0.5.13.tgz#0317ccc91eb4c7f4901704166166395c39276528"
  integrity sha512-SWk1qM8DRssS5YR9L4eEX7WUhK/wc96aIr4nMa6p0kTk9YhGGOJjECVhIdPEj13fvJw72Xun69gScXSZ/UmcPg==
  dependencies:
    moment ">=2.14.0"

"@types/sizzle@*":
  version "2.3.2"
  resolved "https://registry.yarnpkg.com/@types/sizzle/-/sizzle-2.3.2.tgz#a811b8c18e2babab7d542b3365887ae2e4d9de47"
  integrity sha512-7EJYyKTL7tFR8+gDbB6Wwz/arpGa0Mywk1TJbNzKzHtzbwVmY4HR9WqS5VV7dsBUKQmPNr192jHr/VpBluj/hg==

balanced-match@^1.0.0:
  version "1.0.0"
  resolved "https://registry.yarnpkg.com/balanced-match/-/balanced-match-1.0.0.tgz#89b4d199ab2bee49de164ea02b89ce462d71b767"
  integrity sha1-ibTRmasr7kneFk6gK4nORi1xt2c=

big.js@^5.2.2:
  version "5.2.2"
  resolved "https://registry.yarnpkg.com/big.js/-/big.js-5.2.2.tgz#65f0af382f578bcdc742bd9c281e9cb2d7768328"
  integrity sha512-vyL2OymJxmarO8gxMr0mhChsO9QGwhynfuu4+MHTAW6czfq9humCB7rKpUjDd9YUiDPU4mzpyupFSvOClAwbmQ==

brace-expansion@^1.1.7:
  version "1.1.11"
  resolved "https://registry.yarnpkg.com/brace-expansion/-/brace-expansion-1.1.11.tgz#3c7fcbf529d87226f3d2f52b966ff5271eb441dd"
  integrity sha512-iCuPHDFgrHX7H2vEI/5xpz07zSHB00TpugqhmYtVmMO6518mCuRMoOYFldEBl0g187ufozdaHgWKcYFb61qGiA==
  dependencies:
    balanced-match "^1.0.0"
    concat-map "0.0.1"

concat-map@0.0.1:
  version "0.0.1"
  resolved "https://registry.yarnpkg.com/concat-map/-/concat-map-0.0.1.tgz#d8a96bd77fd68df7793a73036a3ba0d5405d477b"
  integrity sha1-2Klr13/Wjfd5OnMDajug1UBdR3s=

fs.realpath@^1.0.0:
  version "1.0.0"
  resolved "https://registry.yarnpkg.com/fs.realpath/-/fs.realpath-1.0.0.tgz#1504ad2523158caa40db4a2787cb01411994ea4f"
  integrity sha1-FQStJSMVjKpA20onh8sBQRmU6k8=

glob@^7.1.3:
  version "7.1.4"
  resolved "https://registry.yarnpkg.com/glob/-/glob-7.1.4.tgz#aa608a2f6c577ad357e1ae5a5c26d9a8d1969255"
  integrity sha512-hkLPepehmnKk41pUGm3sYxoFs/umurYfYJCerbXEyFIWcAzvpipAgVkBqqT9RBKMGjnq6kMuyYwha6csxbiM1A==
  dependencies:
    fs.realpath "^1.0.0"
    inflight "^1.0.4"
    inherits "2"
    minimatch "^3.0.4"
    once "^1.3.0"
    path-is-absolute "^1.0.0"

inflight@^1.0.4:
  version "1.0.6"
  resolved "https://registry.yarnpkg.com/inflight/-/inflight-1.0.6.tgz#49bd6331d7d02d0c09bc910a1075ba8165b56df9"
  integrity sha1-Sb1jMdfQLQwJvJEKEHW6gWW1bfk=
  dependencies:
    once "^1.3.0"
    wrappy "1"

inherits@2:
  version "2.0.3"
  resolved "https://registry.yarnpkg.com/inherits/-/inherits-2.0.3.tgz#633c2c83e3da42a502f52466022480f4208261de"
  integrity sha1-Yzwsg+PaQqUC9SRmAiSA9CCCYd4=

jquery@^3.5.1:
  version "3.5.1"
  resolved "https://registry.yarnpkg.com/jquery/-/jquery-3.5.1.tgz#d7b4d08e1bfdb86ad2f1a3d039ea17304717abb5"
  integrity sha512-XwIBPqcMn57FxfT+Go5pzySnm4KWkT1Tv7gjrpT1srtf8Weynl6R273VJ5GjkRb51IzMp5nbaPjJXMWeju2MKg==

minimatch@^3.0.4:
  version "3.0.4"
  resolved "https://registry.yarnpkg.com/minimatch/-/minimatch-3.0.4.tgz#5166e286457f03306064be5497e8dbb0c3d32083"
  integrity sha512-yJHVQEhyqPLUTgt9B83PXu6W3rx4MvvHvSUvToogpwoGDOUQ+yDrR0HRot+yOCdCO7u4hX3pWft6kWBBcqh0UA==
  dependencies:
    brace-expansion "^1.1.7"

moment-timezone@^0.5.28:
  version "0.5.28"
  resolved "https://registry.yarnpkg.com/moment-timezone/-/moment-timezone-0.5.28.tgz#f093d789d091ed7b055d82aa81a82467f72e4338"
  integrity sha512-TDJkZvAyKIVWg5EtVqRzU97w0Rb0YVbfpqyjgu6GwXCAohVRqwZjf4fOzDE6p1Ch98Sro/8hQQi65WDXW5STPw==
  dependencies:
    moment ">= 2.9.0"

"moment@>= 2.9.0", moment@>=2.14.0:
  version "2.24.0"
  resolved "https://registry.yarnpkg.com/moment/-/moment-2.24.0.tgz#0d055d53f5052aa653c9f6eb68bb5d12bf5c2b5b"
  integrity sha512-bV7f+6l2QigeBBZSM/6yTNq4P2fNpSWj/0e7jQcy87A8e7o2nAfP/34/2ky5Vw4B9S446EtIhodAzkFCcR4dQg==

once@^1.3.0:
  version "1.4.0"
  resolved "https://registry.yarnpkg.com/once/-/once-1.4.0.tgz#583b1aa775961d4b113ac17d9c50baef9dd76bd1"
  integrity sha1-WDsap3WWHUsROsF9nFC6753Xa9E=
  dependencies:
    wrappy "1"

path-is-absolute@^1.0.0:
  version "1.0.1"
  resolved "https://registry.yarnpkg.com/path-is-absolute/-/path-is-absolute-1.0.1.tgz#174b9268735534ffbc7ace6bf53a5a9e1b5c5f5f"
  integrity sha1-F0uSaHNVNP+8es5r9TpanhtcX18=

rimraf@^3.0.2:
  version "3.0.2"
  resolved "https://registry.yarnpkg.com/rimraf/-/rimraf-3.0.2.tgz#f1a5402ba6220ad52cc1282bac1ae3aa49fd061a"
  integrity sha512-JZkJMZkAGFFPP2YqXZXPbMlMBgsxzE8ILs4lMIX/2o0L9UBw9O/Y3o6wFw/i9YLapcUJWwqbi3kdxIPdC62TIA==
  dependencies:
    glob "^7.1.3"

typescript@^3.8.3:
  version "3.8.3"
  resolved "https://registry.yarnpkg.com/typescript/-/typescript-3.8.3.tgz#409eb8544ea0335711205869ec458ab109ee1061"
  integrity sha512-MYlEfn5VrLNsgudQTVJeNaQFUAI7DkhnOjdpAp4T+ku1TfQClewlbSuTVHiA+8skNBgaf02TL/kLOvig4y3G8w==

wrappy@1:
  version "1.0.2"
  resolved "https://registry.yarnpkg.com/wrappy/-/wrappy-1.0.2.tgz#b5243d8f3ec1aa35f1364605bc0d1036e30ab69f"
  integrity sha1-tSQ9jz7BqjXxNkYFvA0QNuMKtp8=
