{
  "name": "beakerx-jupyterlab",
  "version": "0.17.1",
  "lockfileVersion": 1,
  "requires": true,
  "dependencies": {
    "@jupyter-widgets/base": {
      "version": "1.1.9",
      "resolved": "https://registry.npmjs.org/@jupyter-widgets/base/-/base-1.1.9.tgz",
      "integrity": "sha512-dvPRDZrxHlaMhTYJXkKym1CAKk2VgSRoB8LVmhXoB3kHf7ii0hsJcCXuElFVP47rypGnEF9RmK7UWK5kNWD+lQ==",
      "dev": true,
      "requires": {
        "@jupyterlab/services": "1.1.4",
        "@phosphor/coreutils": "1.3.0",
        "@phosphor/messaging": "1.2.2",
        "@phosphor/widgets": "1.5.0",
        "@types/backbone": "1.3.42",
        "@types/lodash": "4.14.106",
        "backbone": "1.2.3",
        "base64-js": "1.2.3",
        "jquery": "3.3.1",
        "lodash": "4.17.5"
      }
    },
    "@jupyter-widgets/controls": {
      "version": "1.2.0",
      "resolved": "https://registry.npmjs.org/@jupyter-widgets/controls/-/controls-1.2.0.tgz",
      "integrity": "sha512-HtLTQC7M66iDUJPRd3D4PD+NqkrL+LyWQ25d540GyE3r5dwtyT6MasZGhkNmUoAhLgaEjgCZIgS4tpNx+LGVig==",
      "dev": true,
      "requires": {
        "@jupyter-widgets/base": "1.1.9",
        "@phosphor/algorithm": "1.1.2",
        "@phosphor/domutils": "1.1.2",
        "@phosphor/messaging": "1.2.2",
        "@phosphor/signaling": "1.2.2",
        "@phosphor/widgets": "1.5.0",
        "d3-format": "0.5.1",
        "jquery": "3.3.1",
        "jquery-ui": "1.12.1",
        "underscore": "1.8.3"
      }
    },
    "@jupyter-widgets/output": {
      "version": "1.0.16",
      "resolved": "https://registry.npmjs.org/@jupyter-widgets/output/-/output-1.0.16.tgz",
      "integrity": "sha512-VpRcVY85DH8QaVfj1uFH0+bRytseuM2M74viUGm8aa5y5v5EXjArFGlq8RrWEaRit7UBicvdw73tMI/dMg6n8Q==",
      "dev": true,
      "requires": {
        "@jupyter-widgets/base": "1.1.9"
      }
    },
    "@jupyterlab/application": {
      "version": "0.15.4",
      "resolved": "https://registry.npmjs.org/@jupyterlab/application/-/application-0.15.4.tgz",
      "integrity": "sha512-wIheEFbW+TPL1+a7l58HtKJibFEdTHlj0eLzI264iHGKRn9tK6CdMVPX5HbghFuw9NC9MiHzIoJgaiQcyKqXYg==",
      "dev": true,
      "requires": {
        "@jupyterlab/apputils": "0.15.5",
        "@jupyterlab/coreutils": "1.0.10",
        "@jupyterlab/docregistry": "0.15.5",
        "@jupyterlab/rendermime": "0.15.4",
        "@jupyterlab/rendermime-interfaces": "1.0.6",
        "@jupyterlab/services": "1.1.4",
        "@phosphor/algorithm": "1.1.2",
        "@phosphor/application": "1.5.0",
        "@phosphor/commands": "1.4.0",
        "@phosphor/coreutils": "1.3.0",
        "@phosphor/disposable": "1.1.2",
        "@phosphor/messaging": "1.2.2",
        "@phosphor/properties": "1.1.2",
        "@phosphor/signaling": "1.2.2",
        "@phosphor/widgets": "1.5.0"
      }
    },
    "@jupyterlab/apputils": {
      "version": "0.15.5",
      "resolved": "https://registry.npmjs.org/@jupyterlab/apputils/-/apputils-0.15.5.tgz",
      "integrity": "sha512-yTV1n5Fc2op6ImxIaKCj3SE1+SM1OtQ7q6irQ86XVkrbkeTY0NVz8BmLzbskTIP3gjHUUFoP5qTKte6p5F0Eeg==",
      "dev": true,
      "requires": {
        "@jupyterlab/coreutils": "1.0.10",
        "@jupyterlab/services": "1.1.4",
        "@phosphor/algorithm": "1.1.2",
        "@phosphor/commands": "1.4.0",
        "@phosphor/coreutils": "1.3.0",
        "@phosphor/disposable": "1.1.2",
        "@phosphor/domutils": "1.1.2",
        "@phosphor/messaging": "1.2.2",
        "@phosphor/properties": "1.1.2",
        "@phosphor/signaling": "1.2.2",
        "@phosphor/virtualdom": "1.1.2",
        "@phosphor/widgets": "1.5.0",
        "@types/react": "16.0.41",
        "react": "16.0.0",
        "react-dom": "16.0.0",
        "sanitize-html": "1.14.3"
      }
    },
    "@jupyterlab/cells": {
      "version": "0.15.4",
      "resolved": "https://registry.npmjs.org/@jupyterlab/cells/-/cells-0.15.4.tgz",
      "integrity": "sha512-LZfTt3xI/0pvun8a66BY0ky6gXkAGivBM16ll53RipwQR3ZYsk/Q/mcjbl2ThJyeTZEq7+yc8DuPFW+vJ6jyUQ==",
      "dev": true,
      "requires": {
        "@jupyterlab/apputils": "0.15.5",
        "@jupyterlab/codeeditor": "0.15.4",
        "@jupyterlab/codemirror": "0.15.4",
        "@jupyterlab/coreutils": "1.0.10",
        "@jupyterlab/observables": "1.0.6",
        "@jupyterlab/outputarea": "0.15.6",
        "@jupyterlab/rendermime": "0.15.4",
        "@jupyterlab/services": "1.1.4",
        "@phosphor/coreutils": "1.3.0",
        "@phosphor/messaging": "1.2.2",
        "@phosphor/signaling": "1.2.2",
        "@phosphor/widgets": "1.5.0",
        "react": "16.0.0"
      }
    },
    "@jupyterlab/codeeditor": {
      "version": "0.15.4",
      "resolved": "https://registry.npmjs.org/@jupyterlab/codeeditor/-/codeeditor-0.15.4.tgz",
      "integrity": "sha512-X/rTBUuyEAgjgV9Aey4OLqyKQq/G4ckTNnhGsZoc3MVwKwVlerOu4LFAGCPrXqY2Pl1olH8zQuGCeGYfVggYDg==",
      "dev": true,
      "requires": {
        "@jupyterlab/coreutils": "1.0.10",
        "@jupyterlab/observables": "1.0.6",
        "@phosphor/coreutils": "1.3.0",
        "@phosphor/disposable": "1.1.2",
        "@phosphor/messaging": "1.2.2",
        "@phosphor/signaling": "1.2.2",
        "@phosphor/virtualdom": "1.1.2",
        "@phosphor/widgets": "1.5.0"
      }
    },
    "@jupyterlab/codemirror": {
      "version": "0.15.4",
      "resolved": "https://registry.npmjs.org/@jupyterlab/codemirror/-/codemirror-0.15.4.tgz",
      "integrity": "sha512-BsU9v7+AJlsH+yfgFYYt6Woe2yPzBSCiILNEcAQhYMfx8kSaH4xzAuIdDGyJn3N7xC5tq7vUtc92Racmj+XuqQ==",
      "dev": true,
      "requires": {
        "@jupyterlab/apputils": "0.15.5",
        "@jupyterlab/codeeditor": "0.15.4",
        "@jupyterlab/coreutils": "1.0.10",
        "@jupyterlab/observables": "1.0.6",
        "@phosphor/algorithm": "1.1.2",
        "@phosphor/coreutils": "1.3.0",
        "@phosphor/disposable": "1.1.2",
        "@phosphor/signaling": "1.2.2",
        "codemirror": "5.24.2"
      }
    },
    "@jupyterlab/coreutils": {
      "version": "1.0.10",
      "resolved": "https://registry.npmjs.org/@jupyterlab/coreutils/-/coreutils-1.0.10.tgz",
      "integrity": "sha512-kwC0DSv4z8HczBnQkWR7X2BnUD4Bawqv1uw5CyX+yR9Y32IErTc/6oDzU/i3B2V7ETO9UcCYmIm5lAFVeyrWmw==",
      "dev": true,
      "requires": {
        "@phosphor/algorithm": "1.1.2",
        "@phosphor/coreutils": "1.3.0",
        "@phosphor/disposable": "1.1.2",
        "@phosphor/signaling": "1.2.2",
        "ajv": "5.1.6",
        "comment-json": "1.1.3",
        "minimist": "1.2.0",
        "moment": "2.21.0",
        "path-posix": "1.0.0",
        "url-parse": "1.1.9"
      }
    },
    "@jupyterlab/docregistry": {
      "version": "0.15.5",
      "resolved": "https://registry.npmjs.org/@jupyterlab/docregistry/-/docregistry-0.15.5.tgz",
      "integrity": "sha512-WojGw4bCUhiiAzGxPze9ksqMxM2od3qlHutp1ZMRGLW3UUW+sX8BQiDUy2oCqsDzLHQ2Cky0oijKnWwZTNwLug==",
      "dev": true,
      "requires": {
        "@jupyterlab/apputils": "0.15.5",
        "@jupyterlab/codeeditor": "0.15.4",
        "@jupyterlab/codemirror": "0.15.4",
        "@jupyterlab/coreutils": "1.0.10",
        "@jupyterlab/observables": "1.0.6",
        "@jupyterlab/rendermime": "0.15.4",
        "@jupyterlab/rendermime-interfaces": "1.0.6",
        "@jupyterlab/services": "1.1.4",
        "@phosphor/algorithm": "1.1.2",
        "@phosphor/coreutils": "1.3.0",
        "@phosphor/disposable": "1.1.2",
        "@phosphor/messaging": "1.2.2",
        "@phosphor/signaling": "1.2.2",
        "@phosphor/widgets": "1.5.0"
      }
    },
    "@jupyterlab/notebook": {
      "version": "0.15.7",
      "resolved": "https://registry.npmjs.org/@jupyterlab/notebook/-/notebook-0.15.7.tgz",
      "integrity": "sha512-sSFYP7M/Biyn2Qdx/9p2nf/2RvYZ7rVxqad3z7FH6zn99hhF65Vl0gNViu7K5G63yzj6NWwLzksOaCn5czoPgw==",
      "dev": true,
      "requires": {
        "@jupyterlab/apputils": "0.15.5",
        "@jupyterlab/cells": "0.15.4",
        "@jupyterlab/codeeditor": "0.15.4",
        "@jupyterlab/coreutils": "1.0.10",
        "@jupyterlab/docregistry": "0.15.5",
        "@jupyterlab/observables": "1.0.6",
        "@jupyterlab/rendermime": "0.15.4",
        "@jupyterlab/services": "1.1.4",
        "@phosphor/algorithm": "1.1.2",
        "@phosphor/coreutils": "1.3.0",
        "@phosphor/domutils": "1.1.2",
        "@phosphor/dragdrop": "1.3.0",
        "@phosphor/messaging": "1.2.2",
        "@phosphor/properties": "1.1.2",
        "@phosphor/signaling": "1.2.2",
        "@phosphor/virtualdom": "1.1.2",
        "@phosphor/widgets": "1.5.0"
      }
    },
    "@jupyterlab/observables": {
      "version": "1.0.6",
      "resolved": "https://registry.npmjs.org/@jupyterlab/observables/-/observables-1.0.6.tgz",
      "integrity": "sha512-oqrZRlQyBEwlNiZkzD6bWLm1zi4SyY8KTSs/gcH7m0UAptwvDeYmRoCumy7alMdRTXR6IUTnYswY13R4TchI/g==",
      "dev": true,
      "requires": {
        "@phosphor/algorithm": "1.1.2",
        "@phosphor/coreutils": "1.3.0",
        "@phosphor/disposable": "1.1.2",
        "@phosphor/messaging": "1.2.2",
        "@phosphor/signaling": "1.2.2"
      }
    },
    "@jupyterlab/outputarea": {
      "version": "0.15.6",
      "resolved": "https://registry.npmjs.org/@jupyterlab/outputarea/-/outputarea-0.15.6.tgz",
      "integrity": "sha512-LqZLc5RHmdIpODfuehD4Exv9DuEZQoAUFPuqBxtUKumw7PbaO1dRooV9mIaJr7WeGpHLEuL0nuu4dwNM5KEs9w==",
      "dev": true,
      "requires": {
        "@jupyterlab/apputils": "0.15.5",
        "@jupyterlab/coreutils": "1.0.10",
        "@jupyterlab/observables": "1.0.6",
        "@jupyterlab/rendermime": "0.15.4",
        "@jupyterlab/rendermime-interfaces": "1.0.6",
        "@jupyterlab/services": "1.1.4",
        "@phosphor/algorithm": "1.1.2",
        "@phosphor/coreutils": "1.3.0",
        "@phosphor/disposable": "1.1.2",
        "@phosphor/messaging": "1.2.2",
        "@phosphor/signaling": "1.2.2",
        "@phosphor/widgets": "1.5.0"
      }
    },
    "@jupyterlab/rendermime": {
      "version": "0.15.4",
      "resolved": "https://registry.npmjs.org/@jupyterlab/rendermime/-/rendermime-0.15.4.tgz",
      "integrity": "sha512-TL+8byQlN9Y9q26D/u16B55AfeaXb5TYo539JVWMdv0R5QWqyIupVUOiafi1yxBtwqaAte+/fuWhXynhpCzNUQ==",
      "dev": true,
      "requires": {
        "@jupyterlab/apputils": "0.15.5",
        "@jupyterlab/codemirror": "0.15.4",
        "@jupyterlab/coreutils": "1.0.10",
        "@jupyterlab/observables": "1.0.6",
        "@jupyterlab/rendermime-interfaces": "1.0.6",
        "@jupyterlab/services": "1.1.4",
        "@phosphor/coreutils": "1.3.0",
        "@phosphor/messaging": "1.2.2",
        "@phosphor/signaling": "1.2.2",
        "@phosphor/widgets": "1.5.0",
        "ansi_up": "1.3.0",
        "marked": "0.3.19"
      }
    },
    "@jupyterlab/rendermime-interfaces": {
      "version": "1.0.6",
      "resolved": "https://registry.npmjs.org/@jupyterlab/rendermime-interfaces/-/rendermime-interfaces-1.0.6.tgz",
      "integrity": "sha512-tTwZoBymwPK+ITSrfSKC3GFSwRd72uh10aPsbH5qwGIYouR9gATvzNrzbEQaS0rZ5yhYxg21SLUy43S/+HsoFw==",
      "dev": true,
      "requires": {
        "@phosphor/coreutils": "1.3.0",
        "@phosphor/widgets": "1.5.0"
      }
    },
    "@jupyterlab/services": {
      "version": "1.1.4",
      "resolved": "https://registry.npmjs.org/@jupyterlab/services/-/services-1.1.4.tgz",
      "integrity": "sha512-1t3UmWU4+ikCVZA7uEfasyof7wMDzY4EWRkaTM0JFJw9DE7sOig4p4q0fD1ra332H/H68aPAoVCyAg+BFnr1Zw==",
      "dev": true,
      "requires": {
        "@jupyterlab/coreutils": "1.0.10",
        "@jupyterlab/observables": "1.0.6",
        "@phosphor/algorithm": "1.1.2",
        "@phosphor/coreutils": "1.3.0",
        "@phosphor/disposable": "1.1.2",
        "@phosphor/signaling": "1.2.2",
        "node-fetch": "1.7.3",
        "ws": "1.1.5"
      }
    },
    "@phosphor/algorithm": {
      "version": "1.1.2",
      "resolved": "https://registry.npmjs.org/@phosphor/algorithm/-/algorithm-1.1.2.tgz",
      "integrity": "sha1-/R3pEEyafzTpKGRYbd8ufy53eeg=",
      "dev": true
    },
    "@phosphor/application": {
      "version": "1.5.0",
      "resolved": "https://registry.npmjs.org/@phosphor/application/-/application-1.5.0.tgz",
      "integrity": "sha1-jURnex1ipU3pCSa/Jckh56WiWkk=",
      "dev": true,
      "requires": {
        "@phosphor/commands": "1.4.0",
        "@phosphor/coreutils": "1.3.0",
        "@phosphor/widgets": "1.5.0"
      }
    },
    "@phosphor/collections": {
      "version": "1.1.2",
      "resolved": "https://registry.npmjs.org/@phosphor/collections/-/collections-1.1.2.tgz",
      "integrity": "sha1-xMC4uREpkF+zap8kPy273kYtq40=",
      "dev": true,
      "requires": {
        "@phosphor/algorithm": "1.1.2"
      }
    },
    "@phosphor/commands": {
      "version": "1.4.0",
      "resolved": "https://registry.npmjs.org/@phosphor/commands/-/commands-1.4.0.tgz",
      "integrity": "sha1-fiNqTAFdrzepWG/eKRiMPawgFi8=",
      "dev": true,
      "requires": {
        "@phosphor/algorithm": "1.1.2",
        "@phosphor/coreutils": "1.3.0",
        "@phosphor/disposable": "1.1.2",
        "@phosphor/domutils": "1.1.2",
        "@phosphor/keyboard": "1.1.2",
        "@phosphor/signaling": "1.2.2"
      }
    },
    "@phosphor/coreutils": {
      "version": "1.3.0",
      "resolved": "https://registry.npmjs.org/@phosphor/coreutils/-/coreutils-1.3.0.tgz",
      "integrity": "sha1-YyktOBwBLFqw0Blug87YKbfgSkI=",
      "dev": true
    },
    "@phosphor/disposable": {
      "version": "1.1.2",
      "resolved": "https://registry.npmjs.org/@phosphor/disposable/-/disposable-1.1.2.tgz",
      "integrity": "sha1-oZLdai5sadXQnTns8zTauTd4Bg4=",
      "dev": true,
      "requires": {
        "@phosphor/algorithm": "1.1.2"
      }
    },
    "@phosphor/domutils": {
      "version": "1.1.2",
      "resolved": "https://registry.npmjs.org/@phosphor/domutils/-/domutils-1.1.2.tgz",
      "integrity": "sha1-4u/rBS85jEK5O4npurJq8VzABRQ=",
      "dev": true
    },
    "@phosphor/dragdrop": {
      "version": "1.3.0",
      "resolved": "https://registry.npmjs.org/@phosphor/dragdrop/-/dragdrop-1.3.0.tgz",
      "integrity": "sha1-fOatOdbKIW1ipW94EE0Cp3rmcwc=",
      "dev": true,
      "requires": {
        "@phosphor/coreutils": "1.3.0",
        "@phosphor/disposable": "1.1.2"
      }
    },
    "@phosphor/keyboard": {
      "version": "1.1.2",
      "resolved": "https://registry.npmjs.org/@phosphor/keyboard/-/keyboard-1.1.2.tgz",
      "integrity": "sha1-PjIjRFF2QkCpjhSANNWoeXQi3R8=",
      "dev": true
    },
    "@phosphor/messaging": {
      "version": "1.2.2",
      "resolved": "https://registry.npmjs.org/@phosphor/messaging/-/messaging-1.2.2.tgz",
      "integrity": "sha1-fYlt3TeXuUo0dwje0T2leD23XBQ=",
      "dev": true,
      "requires": {
        "@phosphor/algorithm": "1.1.2",
        "@phosphor/collections": "1.1.2"
      }
    },
    "@phosphor/properties": {
      "version": "1.1.2",
      "resolved": "https://registry.npmjs.org/@phosphor/properties/-/properties-1.1.2.tgz",
      "integrity": "sha1-eMx37/RSg52gIlXeSOgUlGzAmig=",
      "dev": true
    },
    "@phosphor/signaling": {
      "version": "1.2.2",
      "resolved": "https://registry.npmjs.org/@phosphor/signaling/-/signaling-1.2.2.tgz",
      "integrity": "sha1-P8+Xyojji/s1f+j+a/dRM0elFKk=",
      "dev": true,
      "requires": {
        "@phosphor/algorithm": "1.1.2"
      }
    },
    "@phosphor/virtualdom": {
      "version": "1.1.2",
      "resolved": "https://registry.npmjs.org/@phosphor/virtualdom/-/virtualdom-1.1.2.tgz",
      "integrity": "sha1-zlXIbu8x5dDiax3JbqMr1oRFj0E=",
      "dev": true,
      "requires": {
        "@phosphor/algorithm": "1.1.2"
      }
    },
    "@phosphor/widgets": {
      "version": "1.5.0",
      "resolved": "https://registry.npmjs.org/@phosphor/widgets/-/widgets-1.5.0.tgz",
      "integrity": "sha1-X5mOhvX9542KpE19wUdobKZhaB4=",
      "dev": true,
      "requires": {
        "@phosphor/algorithm": "1.1.2",
        "@phosphor/commands": "1.4.0",
        "@phosphor/coreutils": "1.3.0",
        "@phosphor/disposable": "1.1.2",
        "@phosphor/domutils": "1.1.2",
        "@phosphor/dragdrop": "1.3.0",
        "@phosphor/keyboard": "1.1.2",
        "@phosphor/messaging": "1.2.2",
        "@phosphor/properties": "1.1.2",
        "@phosphor/signaling": "1.2.2",
        "@phosphor/virtualdom": "1.1.2"
      }
    },
    "@types/backbone": {
      "version": "1.3.42",
      "resolved": "https://registry.npmjs.org/@types/backbone/-/backbone-1.3.42.tgz",
      "integrity": "sha512-sg6WhUW1RorO/Yc0yKqVhekBlweLbQqJciHr70FYL4Z8IFhcZngyXaYdfq8MCv/Rf/Nry5Sbsl9jWGzUN+2Zbg==",
      "dev": true,
      "requires": {
        "@types/jquery": "3.3.1",
        "@types/underscore": "1.8.8"
      }
    },
    "@types/jquery": {
      "version": "3.3.1",
      "resolved": "https://registry.npmjs.org/@types/jquery/-/jquery-3.3.1.tgz",
      "integrity": "sha512-N3h+rzN518yl2xKrW0o6KKdNmWZ+OwG6SoM5TBEQFF0tTv5wXPEsoOuYQ2Kt3/89XbcSZUJLdjiT/2c3BR/ApQ==",
      "dev": true
    },
    "@types/lodash": {
      "version": "4.14.106",
      "resolved": "https://registry.npmjs.org/@types/lodash/-/lodash-4.14.106.tgz",
      "integrity": "sha512-tOSvCVrvSqFZ4A/qrqqm6p37GZoawsZtoR0SJhlF7EonNZUgrn8FfT+RNQ11h+NUpMt6QVe36033f3qEKBwfWA==",
      "dev": true
    },
    "@types/node": {
      "version": "8.10.4",
      "resolved": "https://registry.npmjs.org/@types/node/-/node-8.10.4.tgz",
      "integrity": "sha512-FqpMm0l/JUCXK6HziUoXaxtuiefsyoeQtNy8CSOq31F/m16UNKRG40PezM6hbsUONZohzKnAHa7lEkieyx1ayA==",
      "dev": true
    },
    "@types/react": {
      "version": "16.0.41",
      "resolved": "https://registry.npmjs.org/@types/react/-/react-16.0.41.tgz",
      "integrity": "sha512-hbAKPclom+NzM/iqB9JmP7UfWl0j/xsOIzWCB8iIJ7Dq0BlY80IeulgHwod2EOYILD5hc/DJAJvMFKfczdWBsQ==",
      "dev": true
    },
    "@types/underscore": {
      "version": "1.8.8",
      "resolved": "https://registry.npmjs.org/@types/underscore/-/underscore-1.8.8.tgz",
      "integrity": "sha512-EquzRwzAAs04anQ8/6MYXFKvHoD+MIlF+gu87EDda7dN9zrKvQYHsc9VFAPB1xY4tUHQVvBMtjsHrvof2EE1Mg==",
      "dev": true
    },
    "ajv": {
      "version": "5.1.6",
      "resolved": "https://registry.npmjs.org/ajv/-/ajv-5.1.6.tgz",
      "integrity": "sha1-Sy8aGd7Ok9V6whYDfj6XkcfdFWQ=",
      "dev": true,
      "requires": {
        "co": "4.6.0",
        "json-schema-traverse": "0.3.1",
        "json-stable-stringify": "1.0.1"
      }
    },
    "ansi_up": {
      "version": "1.3.0",
      "resolved": "https://registry.npmjs.org/ansi_up/-/ansi_up-1.3.0.tgz",
      "integrity": "sha1-yclGv8C5u16qBgaEvyq6r+aLvUQ=",
      "dev": true
    },
    "asap": {
      "version": "2.0.6",
      "resolved": "https://registry.npmjs.org/asap/-/asap-2.0.6.tgz",
      "integrity": "sha1-5QNHYR1+aQlDIIu9r+vLwvuGbUY=",
      "dev": true
    },
    "backbone": {
      "version": "1.2.3",
      "resolved": "https://registry.npmjs.org/backbone/-/backbone-1.2.3.tgz",
      "integrity": "sha1-wiz9B/yG676uYdGJKe0RXpmdZbk=",
      "dev": true,
      "requires": {
        "underscore": "1.8.3"
      }
    },
    "balanced-match": {
      "version": "1.0.0",
      "resolved": "https://registry.npmjs.org/balanced-match/-/balanced-match-1.0.0.tgz",
      "integrity": "sha1-ibTRmasr7kneFk6gK4nORi1xt2c=",
      "dev": true
    },
    "base64-js": {
      "version": "1.2.3",
      "resolved": "https://registry.npmjs.org/base64-js/-/base64-js-1.2.3.tgz",
      "integrity": "sha512-MsAhsUW1GxCdgYSO6tAfZrNapmUKk7mWx/k5mFY/A1gBtkaCaNapTg+FExCw1r9yeaZhqx/xPg43xgTFH6KL5w==",
      "dev": true
    },
    "brace-expansion": {
      "version": "1.1.11",
      "resolved": "https://registry.npmjs.org/brace-expansion/-/brace-expansion-1.1.11.tgz",
      "integrity": "sha512-iCuPHDFgrHX7H2vEI/5xpz07zSHB00TpugqhmYtVmMO6518mCuRMoOYFldEBl0g187ufozdaHgWKcYFb61qGiA==",
      "dev": true,
      "requires": {
        "balanced-match": "1.0.0",
        "concat-map": "0.0.1"
      }
    },
    "co": {
      "version": "4.6.0",
      "resolved": "https://registry.npmjs.org/co/-/co-4.6.0.tgz",
      "integrity": "sha1-bqa989hTrlTMuOR7+gvz+QMfsYQ=",
      "dev": true
    },
    "codemirror": {
      "version": "5.24.2",
      "resolved": "https://registry.npmjs.org/codemirror/-/codemirror-5.24.2.tgz",
      "integrity": "sha1-tVypUPoAlwnDffaOsTMxDtic8v4=",
      "dev": true
    },
    "comment-json": {
      "version": "1.1.3",
      "resolved": "https://registry.npmjs.org/comment-json/-/comment-json-1.1.3.tgz",
      "integrity": "sha1-aYbDMw/uDEyeAMI5jNYa+l2PI54=",
      "dev": true,
      "requires": {
        "json-parser": "1.1.5"
      }
    },
    "concat-map": {
      "version": "0.0.1",
      "resolved": "https://registry.npmjs.org/concat-map/-/concat-map-0.0.1.tgz",
      "integrity": "sha1-2Klr13/Wjfd5OnMDajug1UBdR3s=",
      "dev": true
    },
    "core-js": {
      "version": "1.2.7",
      "resolved": "https://registry.npmjs.org/core-js/-/core-js-1.2.7.tgz",
      "integrity": "sha1-ZSKUwUZR2yj6k70tX/KYOk8IxjY=",
      "dev": true
    },
    "core-util-is": {
      "version": "1.0.2",
      "resolved": "https://registry.npmjs.org/core-util-is/-/core-util-is-1.0.2.tgz",
      "integrity": "sha1-tf1UIgqivFq1eqtxQMlAdUUDwac=",
      "dev": true
    },
    "d3-format": {
      "version": "0.5.1",
      "resolved": "https://registry.npmjs.org/d3-format/-/d3-format-0.5.1.tgz",
      "integrity": "sha1-lEfXyVyEsV00wTiXXb8EiaQS5AU=",
      "dev": true
    },
    "dom-serializer": {
      "version": "0.1.0",
      "resolved": "https://registry.npmjs.org/dom-serializer/-/dom-serializer-0.1.0.tgz",
      "integrity": "sha1-BzxpdUbOB4DOI75KKOKT5AvDDII=",
      "dev": true,
      "requires": {
        "domelementtype": "1.1.3",
        "entities": "1.1.1"
      },
      "dependencies": {
        "domelementtype": {
          "version": "1.1.3",
          "resolved": "https://registry.npmjs.org/domelementtype/-/domelementtype-1.1.3.tgz",
          "integrity": "sha1-vSh3PiZCiBrsUVRJJCmcXNgiGFs=",
          "dev": true
        }
      }
    },
    "domelementtype": {
      "version": "1.3.0",
      "resolved": "https://registry.npmjs.org/domelementtype/-/domelementtype-1.3.0.tgz",
      "integrity": "sha1-sXrtguirWeUt2cGbF1bg/BhyBMI=",
      "dev": true
    },
    "domhandler": {
      "version": "2.4.1",
      "resolved": "https://registry.npmjs.org/domhandler/-/domhandler-2.4.1.tgz",
      "integrity": "sha1-iS5HAAqZvlW783dP/qBWHYh5wlk=",
      "dev": true,
      "requires": {
        "domelementtype": "1.3.0"
      }
    },
    "domutils": {
      "version": "1.7.0",
      "resolved": "https://registry.npmjs.org/domutils/-/domutils-1.7.0.tgz",
      "integrity": "sha512-Lgd2XcJ/NjEw+7tFvfKxOzCYKZsdct5lczQ2ZaQY8Djz7pfAD3Gbp8ySJWtreII/vDlMVmxwa6pHmdxIYgttDg==",
      "dev": true,
      "requires": {
        "dom-serializer": "0.1.0",
        "domelementtype": "1.3.0"
      }
    },
    "encoding": {
      "version": "0.1.12",
      "resolved": "https://registry.npmjs.org/encoding/-/encoding-0.1.12.tgz",
      "integrity": "sha1-U4tm8+5izRq1HsMjgp0flIDHS+s=",
      "dev": true,
      "requires": {
        "iconv-lite": "0.4.21"
      }
    },
    "entities": {
      "version": "1.1.1",
      "resolved": "https://registry.npmjs.org/entities/-/entities-1.1.1.tgz",
      "integrity": "sha1-blwtClYhtdra7O+AuQ7ftc13cvA=",
      "dev": true
    },
    "esprima": {
      "version": "2.7.3",
      "resolved": "https://registry.npmjs.org/esprima/-/esprima-2.7.3.tgz",
      "integrity": "sha1-luO3DVd59q1JzQMmc9HDEnZ7pYE=",
      "dev": true
    },
    "fbjs": {
      "version": "0.8.16",
      "resolved": "https://registry.npmjs.org/fbjs/-/fbjs-0.8.16.tgz",
      "integrity": "sha1-XmdDL1UNxBtXK/VYR7ispk5TN9s=",
      "dev": true,
      "requires": {
        "core-js": "1.2.7",
        "isomorphic-fetch": "2.2.1",
        "loose-envify": "1.3.1",
        "object-assign": "4.1.1",
        "promise": "7.3.1",
        "setimmediate": "1.0.5",
        "ua-parser-js": "0.7.17"
      }
    },
    "fs.realpath": {
      "version": "1.0.0",
      "resolved": "https://registry.npmjs.org/fs.realpath/-/fs.realpath-1.0.0.tgz",
      "integrity": "sha1-FQStJSMVjKpA20onh8sBQRmU6k8=",
      "dev": true
    },
    "glob": {
      "version": "7.1.2",
      "resolved": "https://registry.npmjs.org/glob/-/glob-7.1.2.tgz",
      "integrity": "sha512-MJTUg1kjuLeQCJ+ccE4Vpa6kKVXkPYJ2mOCQyUuKLcLQsdrMCpBPUi8qVE6+YuaJkozeA9NusTAw3hLr8Xe5EQ==",
      "dev": true,
      "requires": {
        "fs.realpath": "1.0.0",
        "inflight": "1.0.6",
        "inherits": "2.0.3",
        "minimatch": "3.0.4",
        "once": "1.4.0",
        "path-is-absolute": "1.0.1"
      }
    },
    "htmlparser2": {
      "version": "3.9.2",
      "resolved": "https://registry.npmjs.org/htmlparser2/-/htmlparser2-3.9.2.tgz",
      "integrity": "sha1-G9+HrMoPP55T+k/M6w9LTLsAszg=",
      "dev": true,
      "requires": {
        "domelementtype": "1.3.0",
        "domhandler": "2.4.1",
        "domutils": "1.7.0",
        "entities": "1.1.1",
        "inherits": "2.0.3",
        "readable-stream": "2.3.6"
      }
    },
    "iconv-lite": {
      "version": "0.4.21",
      "resolved": "https://registry.npmjs.org/iconv-lite/-/iconv-lite-0.4.21.tgz",
      "integrity": "sha512-En5V9za5mBt2oUA03WGD3TwDv0MKAruqsuxstbMUZaj9W9k/m1CV/9py3l0L5kw9Bln8fdHQmzHSYtvpvTLpKw==",
      "dev": true,
      "requires": {
        "safer-buffer": "2.1.2"
      }
    },
    "inflight": {
      "version": "1.0.6",
      "resolved": "https://registry.npmjs.org/inflight/-/inflight-1.0.6.tgz",
      "integrity": "sha1-Sb1jMdfQLQwJvJEKEHW6gWW1bfk=",
      "dev": true,
      "requires": {
        "once": "1.4.0",
        "wrappy": "1.0.2"
      }
    },
    "inherits": {
      "version": "2.0.3",
      "resolved": "https://registry.npmjs.org/inherits/-/inherits-2.0.3.tgz",
      "integrity": "sha1-Yzwsg+PaQqUC9SRmAiSA9CCCYd4=",
      "dev": true
    },
    "is-stream": {
      "version": "1.1.0",
      "resolved": "https://registry.npmjs.org/is-stream/-/is-stream-1.1.0.tgz",
      "integrity": "sha1-EtSj3U5o4Lec6428hBc66A2RykQ=",
      "dev": true
    },
    "isarray": {
      "version": "1.0.0",
      "resolved": "https://registry.npmjs.org/isarray/-/isarray-1.0.0.tgz",
      "integrity": "sha1-u5NdSFgsuhaMBoNJV6VKPgcSTxE=",
      "dev": true
    },
    "isomorphic-fetch": {
      "version": "2.2.1",
      "resolved": "https://registry.npmjs.org/isomorphic-fetch/-/isomorphic-fetch-2.2.1.tgz",
      "integrity": "sha1-YRrhrPFPXoH3KVB0coGf6XM1WKk=",
      "dev": true,
      "requires": {
        "node-fetch": "1.7.3",
        "whatwg-fetch": "2.0.4"
      }
    },
    "jquery": {
      "version": "3.3.1",
      "resolved": "https://registry.npmjs.org/jquery/-/jquery-3.3.1.tgz",
      "integrity": "sha512-Ubldcmxp5np52/ENotGxlLe6aGMvmF4R8S6tZjsP6Knsaxd/xp3Zrh50cG93lR6nPXyUFwzN3ZSOQI0wRJNdGg==",
      "dev": true
    },
    "jquery-ui": {
      "version": "1.12.1",
      "resolved": "https://registry.npmjs.org/jquery-ui/-/jquery-ui-1.12.1.tgz",
      "integrity": "sha1-vLQEXI3QU5wTS8FIjN0+dop6nlE=",
      "dev": true
    },
    "js-tokens": {
      "version": "3.0.2",
      "resolved": "https://registry.npmjs.org/js-tokens/-/js-tokens-3.0.2.tgz",
      "integrity": "sha1-mGbfOVECEw449/mWvOtlRDIJwls=",
      "dev": true
    },
    "json-parser": {
      "version": "1.1.5",
      "resolved": "https://registry.npmjs.org/json-parser/-/json-parser-1.1.5.tgz",
      "integrity": "sha1-5i7FJh0aal/CDoEqMgdAxtkAVnc=",
      "dev": true,
      "requires": {
        "esprima": "2.7.3"
      }
    },
    "json-schema-traverse": {
      "version": "0.3.1",
      "resolved": "https://registry.npmjs.org/json-schema-traverse/-/json-schema-traverse-0.3.1.tgz",
      "integrity": "sha1-NJptRMU6Ud6JtAgFxdXlm0F9M0A=",
      "dev": true
    },
    "json-stable-stringify": {
      "version": "1.0.1",
      "resolved": "https://registry.npmjs.org/json-stable-stringify/-/json-stable-stringify-1.0.1.tgz",
      "integrity": "sha1-mnWdOcXy/1A/1TAGRu1EX4jE+a8=",
      "dev": true,
      "requires": {
        "jsonify": "0.0.0"
      }
    },
    "jsonify": {
      "version": "0.0.0",
      "resolved": "https://registry.npmjs.org/jsonify/-/jsonify-0.0.0.tgz",
      "integrity": "sha1-LHS27kHZPKUbe1qu6PUDYx0lKnM=",
      "dev": true
    },
    "lodash": {
      "version": "4.17.5",
      "resolved": "https://registry.npmjs.org/lodash/-/lodash-4.17.5.tgz",
      "integrity": "sha512-svL3uiZf1RwhH+cWrfZn3A4+U58wbP0tGVTLQPbjplZxZ8ROD9VLuNgsRniTlLe7OlSqR79RUehXgpBW/s0IQw==",
      "dev": true
    },
    "lodash.escaperegexp": {
      "version": "4.1.2",
      "resolved": "https://registry.npmjs.org/lodash.escaperegexp/-/lodash.escaperegexp-4.1.2.tgz",
      "integrity": "sha1-ZHYsSGGAglGKw99Mz11YhtriA0c=",
      "dev": true
    },
    "loose-envify": {
      "version": "1.3.1",
      "resolved": "https://registry.npmjs.org/loose-envify/-/loose-envify-1.3.1.tgz",
      "integrity": "sha1-0aitM/qc4OcT1l/dCsi3SNR4yEg=",
      "dev": true,
      "requires": {
        "js-tokens": "3.0.2"
      }
    },
    "marked": {
      "version": "0.3.19",
      "resolved": "https://registry.npmjs.org/marked/-/marked-0.3.19.tgz",
      "integrity": "sha512-ea2eGWOqNxPcXv8dyERdSr/6FmzvWwzjMxpfGB/sbMccXoct+xY+YukPD+QTUZwyvK7BZwcr4m21WBOW41pAkg==",
      "dev": true
    },
    "minimatch": {
      "version": "3.0.4",
      "resolved": "https://registry.npmjs.org/minimatch/-/minimatch-3.0.4.tgz",
      "integrity": "sha512-yJHVQEhyqPLUTgt9B83PXu6W3rx4MvvHvSUvToogpwoGDOUQ+yDrR0HRot+yOCdCO7u4hX3pWft6kWBBcqh0UA==",
      "dev": true,
      "requires": {
        "brace-expansion": "1.1.11"
      }
    },
    "minimist": {
      "version": "1.2.0",
      "resolved": "https://registry.npmjs.org/minimist/-/minimist-1.2.0.tgz",
      "integrity": "sha1-o1AIsg9BOD7sH7kU9M1d95omQoQ=",
      "dev": true
    },
    "moment": {
      "version": "2.21.0",
      "resolved": "https://registry.npmjs.org/moment/-/moment-2.21.0.tgz",
      "integrity": "sha512-TCZ36BjURTeFTM/CwRcViQlfkMvL1/vFISuNLO5GkcVm1+QHfbSiNqZuWeMFjj1/3+uAjXswgRk30j1kkLYJBQ==",
      "dev": true
    },
    "node-fetch": {
      "version": "1.7.3",
      "resolved": "https://registry.npmjs.org/node-fetch/-/node-fetch-1.7.3.tgz",
      "integrity": "sha512-NhZ4CsKx7cYm2vSrBAr2PvFOe6sWDf0UYLRqA6svUYg7+/TSfVAu49jYC4BvQ4Sms9SZgdqGBgroqfDhJdTyKQ==",
      "dev": true,
      "requires": {
        "encoding": "0.1.12",
        "is-stream": "1.1.0"
      }
    },
    "object-assign": {
      "version": "4.1.1",
      "resolved": "https://registry.npmjs.org/object-assign/-/object-assign-4.1.1.tgz",
      "integrity": "sha1-IQmtx5ZYh8/AXLvUQsrIv7s2CGM=",
      "dev": true
    },
    "once": {
      "version": "1.4.0",
      "resolved": "https://registry.npmjs.org/once/-/once-1.4.0.tgz",
      "integrity": "sha1-WDsap3WWHUsROsF9nFC6753Xa9E=",
      "dev": true,
      "requires": {
        "wrappy": "1.0.2"
      }
    },
    "options": {
      "version": "0.0.6",
      "resolved": "https://registry.npmjs.org/options/-/options-0.0.6.tgz",
      "integrity": "sha1-7CLTEoBrtT5zF3Pnza788cZDEo8=",
      "dev": true
    },
    "path-is-absolute": {
      "version": "1.0.1",
      "resolved": "https://registry.npmjs.org/path-is-absolute/-/path-is-absolute-1.0.1.tgz",
      "integrity": "sha1-F0uSaHNVNP+8es5r9TpanhtcX18=",
      "dev": true
    },
    "path-posix": {
      "version": "1.0.0",
      "resolved": "https://registry.npmjs.org/path-posix/-/path-posix-1.0.0.tgz",
      "integrity": "sha1-BrJhE/Vr6rBCVFojv6iAA8ysJg8=",
      "dev": true
    },
    "process-nextick-args": {
      "version": "2.0.0",
      "resolved": "https://registry.npmjs.org/process-nextick-args/-/process-nextick-args-2.0.0.tgz",
      "integrity": "sha512-MtEC1TqN0EU5nephaJ4rAtThHtC86dNN9qCuEhtshvpVBkAW5ZO7BASN9REnF9eoXGcRub+pFuKEpOHE+HbEMw==",
      "dev": true
    },
    "promise": {
      "version": "7.3.1",
      "resolved": "https://registry.npmjs.org/promise/-/promise-7.3.1.tgz",
      "integrity": "sha512-nolQXZ/4L+bP/UGlkfaIujX9BKxGwmQ9OT4mOt5yvy8iK1h3wqTEJCijzGANTCCl9nWjY41juyAn2K3Q1hLLTg==",
      "dev": true,
      "requires": {
        "asap": "2.0.6"
      }
    },
    "prop-types": {
      "version": "15.6.1",
      "resolved": "https://registry.npmjs.org/prop-types/-/prop-types-15.6.1.tgz",
      "integrity": "sha512-4ec7bY1Y66LymSUOH/zARVYObB23AT2h8cf6e/O6ZALB/N0sqZFEx7rq6EYPX2MkOdKORuooI/H5k9TlR4q7kQ==",
      "dev": true,
      "requires": {
        "fbjs": "0.8.16",
        "loose-envify": "1.3.1",
        "object-assign": "4.1.1"
      }
    },
    "querystringify": {
      "version": "1.0.0",
      "resolved": "https://registry.npmjs.org/querystringify/-/querystringify-1.0.0.tgz",
      "integrity": "sha1-YoYkIRLFtxL6ZU5SZlK/ahP/Bcs=",
      "dev": true
    },
    "react": {
      "version": "16.0.0",
      "resolved": "https://registry.npmjs.org/react/-/react-16.0.0.tgz",
      "integrity": "sha1-zn348ZQbA28Cssyp29DLHw6FXi0=",
      "dev": true,
      "requires": {
        "fbjs": "0.8.16",
        "loose-envify": "1.3.1",
        "object-assign": "4.1.1",
        "prop-types": "15.6.1"
      }
    },
    "react-dom": {
      "version": "16.0.0",
      "resolved": "https://registry.npmjs.org/react-dom/-/react-dom-16.0.0.tgz",
      "integrity": "sha1-nMMHnD3NcNTG4BuEqrKn40wwP1g=",
      "dev": true,
      "requires": {
        "fbjs": "0.8.16",
        "loose-envify": "1.3.1",
        "object-assign": "4.1.1",
        "prop-types": "15.6.1"
      }
    },
    "readable-stream": {
      "version": "2.3.6",
      "resolved": "https://registry.npmjs.org/readable-stream/-/readable-stream-2.3.6.tgz",
      "integrity": "sha512-tQtKA9WIAhBF3+VLAseyMqZeBjW0AHJoxOtYqSUZNJxauErmLbVm2FW1y+J/YA9dUrAC39ITejlZWhVIwawkKw==",
      "dev": true,
      "requires": {
        "core-util-is": "1.0.2",
        "inherits": "2.0.3",
        "isarray": "1.0.0",
        "process-nextick-args": "2.0.0",
        "safe-buffer": "5.1.1",
        "string_decoder": "1.1.1",
        "util-deprecate": "1.0.2"
      }
    },
    "requires-port": {
      "version": "1.0.0",
      "resolved": "https://registry.npmjs.org/requires-port/-/requires-port-1.0.0.tgz",
      "integrity": "sha1-kl0mAdOaxIXgkc8NpcbmlNw9yv8=",
      "dev": true
    },
    "rimraf": {
      "version": "2.6.2",
      "resolved": "https://registry.npmjs.org/rimraf/-/rimraf-2.6.2.tgz",
      "integrity": "sha512-lreewLK/BlghmxtfH36YYVg1i8IAce4TI7oao75I1g245+6BctqTVQiBP3YUJ9C6DQOXJmkYR9X9fCLtCOJc5w==",
      "dev": true,
      "requires": {
        "glob": "7.1.2"
      }
    },
    "safe-buffer": {
      "version": "5.1.1",
      "resolved": "https://registry.npmjs.org/safe-buffer/-/safe-buffer-5.1.1.tgz",
      "integrity": "sha512-kKvNJn6Mm93gAczWVJg7wH+wGYWNrDHdWvpUmHyEsgCtIwwo3bqPtV4tR5tuPaUhTOo/kvhVwd8XwwOllGYkbg==",
      "dev": true
    },
    "safer-buffer": {
      "version": "2.1.2",
      "resolved": "https://registry.npmjs.org/safer-buffer/-/safer-buffer-2.1.2.tgz",
      "integrity": "sha512-YZo3K82SD7Riyi0E1EQPojLz7kpepnSQI9IyPbHHg1XXXevb5dJI7tpyN2ADxGcQbHG7vcyRHk0cbwqcQriUtg==",
      "dev": true
    },
    "sanitize-html": {
      "version": "1.14.3",
      "resolved": "https://registry.npmjs.org/sanitize-html/-/sanitize-html-1.14.3.tgz",
      "integrity": "sha512-6tjiqhsgfQYNS+5B078RKDij7hSnQtNbWNQVJMjbCYT7XMtBeJLKrqbMT6+o2kva6SqMubcy/CS76/Bs6z49SQ==",
      "dev": true,
      "requires": {
        "htmlparser2": "3.9.2",
        "lodash.escaperegexp": "4.1.2",
        "xtend": "4.0.1"
      }
    },
    "setimmediate": {
      "version": "1.0.5",
      "resolved": "https://registry.npmjs.org/setimmediate/-/setimmediate-1.0.5.tgz",
      "integrity": "sha1-KQy7Iy4waULX1+qbg3Mqt4VvgoU=",
      "dev": true
    },
    "string_decoder": {
      "version": "1.1.1",
      "resolved": "https://registry.npmjs.org/string_decoder/-/string_decoder-1.1.1.tgz",
      "integrity": "sha512-n/ShnvDi6FHbbVfviro+WojiFzv+s8MPMHBczVePfUpDJLwoLT0ht1l4YwBCbi8pJAveEEdnkHyPyTP/mzRfwg==",
      "dev": true,
      "requires": {
        "safe-buffer": "5.1.1"
      }
    },
    "typescript": {
      "version": "2.6.2",
      "resolved": "https://registry.npmjs.org/typescript/-/typescript-2.6.2.tgz",
      "integrity": "sha1-PFtv1/beCRQmkCfwPAlGdY92c6Q=",
      "dev": true
    },
    "ua-parser-js": {
      "version": "0.7.17",
      "resolved": "https://registry.npmjs.org/ua-parser-js/-/ua-parser-js-0.7.17.tgz",
      "integrity": "sha512-uRdSdu1oA1rncCQL7sCj8vSyZkgtL7faaw9Tc9rZ3mGgraQ7+Pdx7w5mnOSF3gw9ZNG6oc+KXfkon3bKuROm0g==",
      "dev": true
    },
    "ultron": {
      "version": "1.0.2",
      "resolved": "https://registry.npmjs.org/ultron/-/ultron-1.0.2.tgz",
      "integrity": "sha1-rOEWq1V80Zc4ak6I9GhTeMiy5Po=",
      "dev": true
    },
    "underscore": {
      "version": "1.8.3",
      "resolved": "https://registry.npmjs.org/underscore/-/underscore-1.8.3.tgz",
      "integrity": "sha1-Tz+1OxBuYJf8+ctBCfKl6b36UCI=",
      "dev": true
    },
    "url-parse": {
      "version": "1.1.9",
      "resolved": "https://registry.npmjs.org/url-parse/-/url-parse-1.1.9.tgz",
      "integrity": "sha1-xn8dd11R8KGJEd17P/rSe7nlvRk=",
      "dev": true,
      "requires": {
        "querystringify": "1.0.0",
        "requires-port": "1.0.0"
      }
    },
    "util-deprecate": {
      "version": "1.0.2",
      "resolved": "https://registry.npmjs.org/util-deprecate/-/util-deprecate-1.0.2.tgz",
      "integrity": "sha1-RQ1Nyfpw3nMnYvvS1KKJgUGaDM8=",
      "dev": true
    },
    "whatwg-fetch": {
      "version": "2.0.4",
      "resolved": "https://registry.npmjs.org/whatwg-fetch/-/whatwg-fetch-2.0.4.tgz",
      "integrity": "sha512-dcQ1GWpOD/eEQ97k66aiEVpNnapVj90/+R+SXTPYGHpYBBypfKJEQjLrvMZ7YXbKm21gXd4NcuxUTjiv1YtLng==",
      "dev": true
    },
    "wrappy": {
      "version": "1.0.2",
      "resolved": "https://registry.npmjs.org/wrappy/-/wrappy-1.0.2.tgz",
      "integrity": "sha1-tSQ9jz7BqjXxNkYFvA0QNuMKtp8=",
      "dev": true
    },
    "ws": {
      "version": "1.1.5",
      "resolved": "https://registry.npmjs.org/ws/-/ws-1.1.5.tgz",
      "integrity": "sha512-o3KqipXNUdS7wpQzBHSe180lBGO60SoK0yVo3CYJgb2MkobuWuBX6dhkYP5ORCLd55y+SaflMOV5fqAB53ux4w==",
      "dev": true,
      "requires": {
        "options": "0.0.6",
        "ultron": "1.0.2"
      }
    },
    "xtend": {
      "version": "4.0.1",
      "resolved": "https://registry.npmjs.org/xtend/-/xtend-4.0.1.tgz",
      "integrity": "sha1-pcbVMr5lbiPbgg77lDofBJmNY68=",
      "dev": true
    }
  }
}
